{
  "name": "hap-nodejs",
  "version": "0.4.36",
  "lockfileVersion": 1,
  "requires": true,
  "dependencies": {
    "asap": {
      "version": "2.0.6",
      "resolved": "https://registry.npmjs.org/asap/-/asap-2.0.6.tgz",
      "integrity": "sha1-5QNHYR1+aQlDIIu9r+vLwvuGbUY="
    },
    "async": {
      "version": "1.5.2",
      "resolved": "https://registry.npmjs.org/async/-/async-1.5.2.tgz",
      "integrity": "sha1-7GphrlZIDAw8skHJVhjiCJL5Zyo="
    },
    "base64-js": {
      "version": "0.0.6",
      "resolved": "https://registry.npmjs.org/base64-js/-/base64-js-0.0.6.tgz",
      "integrity": "sha1-e4WfefC7vVWGe6Z6f6s5fiSiCUc=",
      "dev": true
    },
    "bindings": {
      "version": "1.2.1",
      "resolved": "https://registry.npmjs.org/bindings/-/bindings-1.2.1.tgz",
      "integrity": "sha1-FK1hE4EtLTfXLme0ystLtyZQXxE="
    },
    "bplist-creator": {
      "version": "0.0.4",
      "resolved": "https://registry.npmjs.org/bplist-creator/-/bplist-creator-0.0.4.tgz",
      "integrity": "sha1-SsBJZ4LhJ6hcHSAmpPXrIqev+ZE=",
      "dev": true,
      "requires": {
        "stream-buffers": "0.2.6"
      }
    },
    "bplist-parser": {
      "version": "0.0.6",
      "resolved": "https://registry.npmjs.org/bplist-parser/-/bplist-parser-0.0.6.tgz",
      "integrity": "sha1-ONo0cYF9+dRKs4kuJ3B7u9daEbk=",
      "dev": true
    },
    "buffer-shims": {
      "version": "1.0.0",
      "resolved": "https://registry.npmjs.org/buffer-shims/-/buffer-shims-1.0.0.tgz",
      "integrity": "sha1-mXjOMXOIxkmth5MCjDR37wRKi1E="
    },
    "curve25519-n2": {
      "version": "1.1.3",
      "resolved": "https://registry.npmjs.org/curve25519-n2/-/curve25519-n2-1.1.3.tgz",
      "integrity": "sha1-TLBYjs+327wL+zLQoARjKW7m7+I=",
      "requires": {
        "bindings": "1.2.1",
        "nan": "2.7.0"
      }
    },
    "debug": {
      "version": "2.6.9",
      "resolved": "https://registry.npmjs.org/debug/-/debug-2.6.9.tgz",
      "integrity": "sha512-bC7ElrdJaJnPbAP+1EotYvqZsb3ecl5wi6Bfi6BJTUcNowp6cvspg0jXznRTKDjm/E7AdgFBVeAPVMNcKGsHMA==",
      "requires": {
        "ms": "2.0.0"
      }
    },
    "decimal.js": {
      "version": "7.4.0",
      "resolved": "https://registry.npmjs.org/decimal.js/-/decimal.js-7.4.0.tgz",
      "integrity": "sha512-KzTSy3MhbAiOWgE+Z5j51Ya2RytbxCdwgkj3V5tMIhI1J6d0teaQ7hM00i8OWOK6gyETMA8uVoOeK6fpubr/PQ=="
    },
    "ed25519": {
      "version": "0.0.4",
      "resolved": "https://registry.npmjs.org/ed25519/-/ed25519-0.0.4.tgz",
      "integrity": "sha1-5WIYrOL8kD0llZOu8LKpY59HW+s=",
      "requires": {
        "bindings": "1.2.1",
        "nan": "2.7.0"
      }
    },
    "epoll": {
      "version": "0.1.22",
      "resolved": "https://registry.npmjs.org/epoll/-/epoll-0.1.22.tgz",
      "integrity": "sha1-GrmmN8/xGiCXDIiLHKIXi2TPUpE=",
      "requires": {
        "bindings": "1.2.1",
        "nan": "2.6.2"
      },
      "dependencies": {
        "nan": {
          "version": "2.6.2",
          "resolved": "https://registry.npmjs.org/nan/-/nan-2.6.2.tgz",
          "integrity": "sha1-5P805slf37WuzAjeZZb0NgWn20U="
        }
      }
    },
    "fast-srp-hap": {
      "version": "1.0.1",
      "resolved": "https://registry.npmjs.org/fast-srp-hap/-/fast-srp-hap-1.0.1.tgz",
      "integrity": "sha1-N3Ek0Za8alFXquWze/X6NbtK0tk="
    },
    "ip": {
      "version": "1.1.5",
      "resolved": "https://registry.npmjs.org/ip/-/ip-1.1.5.tgz",
      "integrity": "sha1-vd7XARQpCCjAoDnnLvJfWq7ENUo="
    },
    "lodash-node": {
      "version": "2.4.1",
      "resolved": "https://registry.npmjs.org/lodash-node/-/lodash-node-2.4.1.tgz",
      "integrity": "sha1-6oL3sQDHM9GkKvdoAeUGEF4qgOw=",
      "dev": true
    },
    "mdns": {
      "version": "2.3.4",
      "resolved": "https://registry.npmjs.org/mdns/-/mdns-2.3.4.tgz",
      "integrity": "sha512-Z4WTKeTukCtJG53SS3BGNnsGkHdIXNZa9nwGMYeoohU1AjEBPS3c/1vIx95SEfeQKYduuOMTo1E4RfXDUt2ZYg==",
      "requires": {
        "bindings": "1.2.1",
        "nan": "2.3.5"
      },
      "dependencies": {
        "nan": {
          "version": "2.3.5",
          "resolved": "https://registry.npmjs.org/nan/-/nan-2.3.5.tgz",
          "integrity": "sha1-gioNwmYpDOTNOhIoLKPn42Rmigg="
        }
      }
    },
    "minimist": {
      "version": "0.0.8",
      "resolved": "https://registry.npmjs.org/minimist/-/minimist-0.0.8.tgz",
      "integrity": "sha1-hX/Kv8M5fSYluCKCYuhqp6ARsF0="
    },
    "mkdirp": {
      "version": "0.5.1",
      "resolved": "https://registry.npmjs.org/mkdirp/-/mkdirp-0.5.1.tgz",
      "integrity": "sha1-MAV0OOrGz3+MR2fzhkjWaX11yQM=",
      "requires": {
        "minimist": "0.0.8"
      }
    },
    "ms": {
      "version": "2.0.0",
      "resolved": "https://registry.npmjs.org/ms/-/ms-2.0.0.tgz",
      "integrity": "sha1-VgiurfwAvmwpAd9fmGF4jeDVl8g="
    },
    "nan": {
      "version": "2.7.0",
      "resolved": "https://registry.npmjs.org/nan/-/nan-2.7.0.tgz",
      "integrity": "sha1-2Vv3IeyHfgjbJ27T/G63j5CDrUY="
    },
    "node-persist": {
      "version": "0.0.11",
      "resolved": "https://registry.npmjs.org/node-persist/-/node-persist-0.0.11.tgz",
      "integrity": "sha1-1m66Pr72IPB5Uw+nsTB2qQZmWHQ=",
      "requires": {
        "mkdirp": "0.5.1",
        "q": "1.1.2"
      }
    },
    "onoff": {
      "version": "1.1.8",
      "resolved": "https://registry.npmjs.org/onoff/-/onoff-1.1.8.tgz",
      "integrity": "sha512-11UA8YvaCJFN3riReWw6T1PmfOh/2f+DJHXQ/Bm9VKREjWUvyjkbS5GUSOqRqYksfpcJ3ACkuY4LjW+Shcyypw==",
      "requires": {
        "epoll": "1.0.1"
      },
      "dependencies": {
        "bindings": {
          "version": "1.3.0",
          "resolved": "https://registry.npmjs.org/bindings/-/bindings-1.3.0.tgz",
          "integrity": "sha512-DpLh5EzMR2kzvX1KIlVC0VkC3iZtHKTgdtZ0a3pglBZdaQFjt5S9g9xd1lE+YvXyfd6mtCeRnrUfOLYiTMlNSw=="
        },
        "epoll": {
          "version": "1.0.1",
          "resolved": "https://registry.npmjs.org/epoll/-/epoll-1.0.1.tgz",
          "integrity": "sha512-Q+ScF2f5k2oHlu6jEC/+NMkTLJQDuGhoaBlu3/iIBtgaLPCwmfwxzd+Vs3KnmE1XRIVSoLL3D5f14edyWcJjhg==",
          "requires": {
            "bindings": "1.3.0",
            "nan": "2.7.0"
          }
        }
      }
    },
    "plist": {
      "version": "1.1.0",
      "resolved": "https://registry.npmjs.org/plist/-/plist-1.1.0.tgz",
      "integrity": "sha1-/2cIWQyXzEOOe8Rd5SUb1yXz+J0=",
      "dev": true,
      "requires": {
        "base64-js": "0.0.6",
        "util-deprecate": "1.0.0",
        "xmlbuilder": "2.2.1",
        "xmldom": "0.1.27"
      }
    },
    "promise": {
      "version": "7.1.1",
      "resolved": "https://registry.npmjs.org/promise/-/promise-7.1.1.tgz",
      "integrity": "sha1-SJZUxpJha4qlWwck+oCbt9tJxb8=",
      "requires": {
        "asap": "2.0.6"
      }
    },
    "q": {
      "version": "1.1.2",
      "resolved": "https://registry.npmjs.org/q/-/q-1.1.2.tgz",
      "integrity": "sha1-Y1fikSBnAdmfGXq4TlforRlvKok="
    },
    "rpi-gpio": {
      "version": "0.9.1",
      "resolved": "https://registry.npmjs.org/rpi-gpio/-/rpi-gpio-0.9.1.tgz",
      "integrity": "sha1-EIUCwDFYSwavF+29x/I/cK3pado=",
      "requires": {
        "async": "1.5.2",
        "debug": "2.6.9",
        "epoll": "0.1.22",
        "promise": "7.1.1"
      }
    },
    "simple-plist": {
      "version": "0.0.4",
      "resolved": "https://registry.npmjs.org/simple-plist/-/simple-plist-0.0.4.tgz",
      "integrity": "sha1-f4Y0OLY8t135ndgbgzbXxQdc/As=",
      "dev": true,
      "requires": {
        "bplist-creator": "0.0.4",
        "bplist-parser": "0.0.6",
        "plist": "1.1.0"
      }
    },
    "stream-buffers": {
      "version": "0.2.6",
      "resolved": "https://registry.npmjs.org/stream-buffers/-/stream-buffers-0.2.6.tgz",
      "integrity": "sha1-GBwI1bs2kARfaUAbmuanoM8zE/w=",
      "dev": true
    },
    "util-deprecate": {
      "version": "1.0.0",
      "resolved": "https://registry.npmjs.org/util-deprecate/-/util-deprecate-1.0.0.tgz",
      "integrity": "sha1-MAevASwUDq4m3gVXbsInhcrDq/I=",
      "dev": true
    },
    "xmlbuilder": {
      "version": "2.2.1",
      "resolved": "https://registry.npmjs.org/xmlbuilder/-/xmlbuilder-2.2.1.tgz",
      "integrity": "sha1-kyZDDxMNh0NdTECGZDqikm4QWjI=",
      "dev": true,
      "requires": {
        "lodash-node": "2.4.1"
      }
    },
    "xmldom": {
      "version": "0.1.27",
      "resolved": "https://registry.npmjs.org/xmldom/-/xmldom-0.1.27.tgz",
      "integrity": "sha1-1QH5ezvbQDr4757MIFcxh6rawOk=",
      "dev": true
    }
  }
}
